
Microsoft Visual Studio Solution File, Format Version 12.00
# Visual Studio Version 16
VisualStudioVersion = 16.0.29728.190
MinimumVisualStudioVersion = 10.0.40219.1
Project("{FAE04EC0-301F-11D3-BF4B-00C04F79EFBC}") = "WeLoveMovies", "WeLoveMovies\WeLoveMovies.csproj", "{ECDCE10E-99B0-4B16-9FF0-51EAA8A6D5EF}"
EndProject
Global
	GlobalSection(SolutionConfigurationPlatforms) = preSolution
		Debug|Any CPU = Debug|Any CPU
		Release|Any CPU = Release|Any CPU
	EndGlobalSection
	GlobalSection(ProjectConfigurationPlatforms) = postSolution
		{ECDCE10E-99B0-4B16-9FF0-51EAA8A6D5EF}.Debug|Any CPU.ActiveCfg = Debug|Any CPU
		{ECDCE10E-99B0-4B16-9FF0-51EAA8A6D5EF}.Debug|Any CPU.Build.0 = Debug|Any CPU
		{ECDCE10E-99B0-4B16-9FF0-51EAA8A6D5EF}.Release|Any CPU.ActiveCfg = Release|Any CPU
		{ECDCE10E-99B0-4B16-9FF0-51EAA8A6D5EF}.Release|Any CPU.Build.0 = Release|Any CPU
	EndGlobalSection
	GlobalSection(SolutionProperties) = preSolution
		HideSolutionNode = FALSE
	EndGlobalSection
	GlobalSection(ExtensibilityGlobals) = postSolution
		SolutionGuid = {FFAC46DD-B47A-4C87-83E2-F4418154F974}
	EndGlobalSection
EndGlobal
